
Microsoft Visual Studio Solution File, Format Version 12.00
# Visual Studio Version 17
VisualStudioVersion = 17.11.35312.102
MinimumVisualStudioVersion = 10.0.40219.1
Project("{FAE04EC0-301F-11D3-BF4B-00C04F79EFBC}") = "GentlemenChoice.Data", "GentlemenChoice.Data\GentlemenChoice.Data.csproj", "{8BAC3936-3859-4E5B-8585-6BFA08629741}"
EndProject
Project("{FAE04EC0-301F-11D3-BF4B-00C04F79EFBC}") = "GentlemenChoice.Common", "GentlemenChoice.Common\GentlemenChoice.Common.csproj", "{C0A0AC24-3AE0-4451-BC50-5E9BD0868B2E}"
EndProject
Project("{FAE04EC0-301F-11D3-BF4B-00C04F79EFBC}") = "GentlemenChoice.Service", "GentlemenChoice.Service\GentlemenChoice.Service.csproj", "{1A7B4EBB-1F0C-4A14-95BE-BA06532CBD74}"
EndProject
Project("{FAE04EC0-301F-11D3-BF4B-00C04F79EFBC}") = "GentlemenChoice.APIService", "GentlemenChoice\GentlemenChoice.APIService.csproj", "{D569F444-72DE-4FA5-9792-D068463964D0}"
EndProject
Global
	GlobalSection(SolutionConfigurationPlatforms) = preSolution
		Debug|Any CPU = Debug|Any CPU
		Release|Any CPU = Release|Any CPU
	EndGlobalSection
	GlobalSection(ProjectConfigurationPlatforms) = postSolution
		{8BAC3936-3859-4E5B-8585-6BFA08629741}.Debug|Any CPU.ActiveCfg = Debug|Any CPU
		{8BAC3936-3859-4E5B-8585-6BFA08629741}.Debug|Any CPU.Build.0 = Debug|Any CPU
		{8BAC3936-3859-4E5B-8585-6BFA08629741}.Release|Any CPU.ActiveCfg = Release|Any CPU
		{8BAC3936-3859-4E5B-8585-6BFA08629741}.Release|Any CPU.Build.0 = Release|Any CPU
		{C0A0AC24-3AE0-4451-BC50-5E9BD0868B2E}.Debug|Any CPU.ActiveCfg = Debug|Any CPU
		{C0A0AC24-3AE0-4451-BC50-5E9BD0868B2E}.Debug|Any CPU.Build.0 = Debug|Any CPU
		{C0A0AC24-3AE0-4451-BC50-5E9BD0868B2E}.Release|Any CPU.ActiveCfg = Release|Any CPU
		{C0A0AC24-3AE0-4451-BC50-5E9BD0868B2E}.Release|Any CPU.Build.0 = Release|Any CPU
		{1A7B4EBB-1F0C-4A14-95BE-BA06532CBD74}.Debug|Any CPU.ActiveCfg = Debug|Any CPU
		{1A7B4EBB-1F0C-4A14-95BE-BA06532CBD74}.Debug|Any CPU.Build.0 = Debug|Any CPU
		{1A7B4EBB-1F0C-4A14-95BE-BA06532CBD74}.Release|Any CPU.ActiveCfg = Release|Any CPU
		{1A7B4EBB-1F0C-4A14-95BE-BA06532CBD74}.Release|Any CPU.Build.0 = Release|Any CPU
		{D569F444-72DE-4FA5-9792-D068463964D0}.Debug|Any CPU.ActiveCfg = Debug|Any CPU
		{D569F444-72DE-4FA5-9792-D068463964D0}.Debug|Any CPU.Build.0 = Debug|Any CPU
		{D569F444-72DE-4FA5-9792-D068463964D0}.Release|Any CPU.ActiveCfg = Release|Any CPU
		{D569F444-72DE-4FA5-9792-D068463964D0}.Release|Any CPU.Build.0 = Release|Any CPU
	EndGlobalSection
	GlobalSection(SolutionProperties) = preSolution
		HideSolutionNode = FALSE
	EndGlobalSection
	GlobalSection(ExtensibilityGlobals) = postSolution
		SolutionGuid = {3617734E-82A5-4759-89EC-AD1A1FA0F026}
	EndGlobalSection
EndGlobal
